
Microsoft Visual Studio Solution File, Format Version 12.00
# Visual Studio Version 17
VisualStudioVersion = 17.9.34728.123
MinimumVisualStudioVersion = 10.0.40219.1
Project("{2150E333-8FDC-42A3-9474-1A3956D46DE8}") = "src", "src", "{4BDA1895-5D9A-4D0A-8729-B6C0C9E9B4FF}"
EndProject
Project("{2150E333-8FDC-42A3-9474-1A3956D46DE8}") = "Gateway", "Gateway", "{A611D0F1-2471-47A0-BF3D-A7AB87540281}"
EndProject
Project("{2150E333-8FDC-42A3-9474-1A3956D46DE8}") = "Modules", "Modules", "{A2B07684-8B09-4241-B0D1-18ED93A6A116}"
EndProject
Project("{2150E333-8FDC-42A3-9474-1A3956D46DE8}") = "Shared", "Shared", "{3099301E-F03A-4A4B-8F07-5C07F79531A7}"
EndProject
Project("{2150E333-8FDC-42A3-9474-1A3956D46DE8}") = "Config", "Config", "{21B78B84-98FD-4EBE-8DBE-7419EDE77EF5}"
	ProjectSection(SolutionItems) = preProject
		Directory.Packages.props = Directory.Packages.props
	EndProjectSection
EndProject
Project("{9A19103F-16F7-4668-BE54-9A1E7A4F7556}") = "Zeeget.Gateway.API", "src\Zeeget.Gateway.API\Zeeget.Gateway.API.csproj", "{7C7D6F2B-2D3F-4DF7-B8E5-398E04183F30}"
EndProject
Project("{2150E333-8FDC-42A3-9474-1A3956D46DE8}") = "tests", "tests", "{E3C8E094-117A-4A70-8FC4-7F06391E8213}"
EndProject
Project("{2150E333-8FDC-42A3-9474-1A3956D46DE8}") = "UnitTests", "UnitTests", "{C1DED1C8-B53C-4D55-B30D-E4E0FCF419E9}"
EndProject
Project("{9A19103F-16F7-4668-BE54-9A1E7A4F7556}") = "Zeeget.Gateway.Api.Tests", "tests\Zeeget.Gateway.Api.Tests\Zeeget.Gateway.Api.Tests.csproj", "{DC9DA123-0EA1-4D2E-AB8C-0DDCE8A9AAF4}"
EndProject
Project("{9A19103F-16F7-4668-BE54-9A1E7A4F7556}") = "Zeeget.Shared", "src\Zeeget.Shared\Zeeget.Shared.csproj", "{6CD7E810-60DC-4F7D-BF62-585D1217C410}"
EndProject
Global
	GlobalSection(SolutionConfigurationPlatforms) = preSolution
		Debug|Any CPU = Debug|Any CPU
		Release|Any CPU = Release|Any CPU
	EndGlobalSection
	GlobalSection(ProjectConfigurationPlatforms) = postSolution
		{7C7D6F2B-2D3F-4DF7-B8E5-398E04183F30}.Debug|Any CPU.ActiveCfg = Debug|Any CPU
		{7C7D6F2B-2D3F-4DF7-B8E5-398E04183F30}.Debug|Any CPU.Build.0 = Debug|Any CPU
		{7C7D6F2B-2D3F-4DF7-B8E5-398E04183F30}.Release|Any CPU.ActiveCfg = Release|Any CPU
		{7C7D6F2B-2D3F-4DF7-B8E5-398E04183F30}.Release|Any CPU.Build.0 = Release|Any CPU
		{DC9DA123-0EA1-4D2E-AB8C-0DDCE8A9AAF4}.Debug|Any CPU.ActiveCfg = Debug|Any CPU
		{DC9DA123-0EA1-4D2E-AB8C-0DDCE8A9AAF4}.Debug|Any CPU.Build.0 = Debug|Any CPU
		{DC9DA123-0EA1-4D2E-AB8C-0DDCE8A9AAF4}.Release|Any CPU.ActiveCfg = Release|Any CPU
		{DC9DA123-0EA1-4D2E-AB8C-0DDCE8A9AAF4}.Release|Any CPU.Build.0 = Release|Any CPU
		{6CD7E810-60DC-4F7D-BF62-585D1217C410}.Debug|Any CPU.ActiveCfg = Debug|Any CPU
		{6CD7E810-60DC-4F7D-BF62-585D1217C410}.Debug|Any CPU.Build.0 = Debug|Any CPU
		{6CD7E810-60DC-4F7D-BF62-585D1217C410}.Release|Any CPU.ActiveCfg = Release|Any CPU
		{6CD7E810-60DC-4F7D-BF62-585D1217C410}.Release|Any CPU.Build.0 = Release|Any CPU
	EndGlobalSection
	GlobalSection(SolutionProperties) = preSolution
		HideSolutionNode = FALSE
	EndGlobalSection
	GlobalSection(NestedProjects) = preSolution
		{A611D0F1-2471-47A0-BF3D-A7AB87540281} = {4BDA1895-5D9A-4D0A-8729-B6C0C9E9B4FF}
		{A2B07684-8B09-4241-B0D1-18ED93A6A116} = {4BDA1895-5D9A-4D0A-8729-B6C0C9E9B4FF}
		{3099301E-F03A-4A4B-8F07-5C07F79531A7} = {4BDA1895-5D9A-4D0A-8729-B6C0C9E9B4FF}
		{21B78B84-98FD-4EBE-8DBE-7419EDE77EF5} = {3099301E-F03A-4A4B-8F07-5C07F79531A7}
		{7C7D6F2B-2D3F-4DF7-B8E5-398E04183F30} = {A611D0F1-2471-47A0-BF3D-A7AB87540281}
		{C1DED1C8-B53C-4D55-B30D-E4E0FCF419E9} = {E3C8E094-117A-4A70-8FC4-7F06391E8213}
		{DC9DA123-0EA1-4D2E-AB8C-0DDCE8A9AAF4} = {C1DED1C8-B53C-4D55-B30D-E4E0FCF419E9}
		{6CD7E810-60DC-4F7D-BF62-585D1217C410} = {3099301E-F03A-4A4B-8F07-5C07F79531A7}
	EndGlobalSection
	GlobalSection(ExtensibilityGlobals) = postSolution
		SolutionGuid = {6CA49540-A194-4458-859E-1DEF0B3978A4}
	EndGlobalSection
EndGlobal
